
Microsoft Visual Studio Solution File, Format Version 12.00
# Visual Studio Version 17
VisualStudioVersion = 17.4.33403.182
MinimumVisualStudioVersion = 10.0.40219.1
Project("{9A19103F-16F7-4668-BE54-9A1E7A4F7556}") = "market-app", "market-app\market-app.csproj", "{1F221964-3BB4-411C-B53F-97A2C5F4938A}"
EndProject
Global
	GlobalSection(SolutionConfigurationPlatforms) = preSolution
		Debug|Any CPU = Debug|Any CPU
		Release|Any CPU = Release|Any CPU
	EndGlobalSection
	GlobalSection(ProjectConfigurationPlatforms) = postSolution
		{1F221964-3BB4-411C-B53F-97A2C5F4938A}.Debug|Any CPU.ActiveCfg = Debug|Any CPU
		{1F221964-3BB4-411C-B53F-97A2C5F4938A}.Debug|Any CPU.Build.0 = Debug|Any CPU
		{1F221964-3BB4-411C-B53F-97A2C5F4938A}.Release|Any CPU.ActiveCfg = Release|Any CPU
		{1F221964-3BB4-411C-B53F-97A2C5F4938A}.Release|Any CPU.Build.0 = Release|Any CPU
	EndGlobalSection
	GlobalSection(SolutionProperties) = preSolution
		HideSolutionNode = FALSE
	EndGlobalSection
	GlobalSection(ExtensibilityGlobals) = postSolution
		SolutionGuid = {385B80AF-BA50-43C0-BB3D-7136050352D4}
	EndGlobalSection
EndGlobal
